# THIS IS AN AUTOGENERATED FILE. DO NOT EDIT THIS FILE DIRECTLY.
# yarn lockfile v1


"@figma-plugin/helpers@^0.15.2":
  version "0.15.2"
  resolved "https://registry.yarnpkg.com/@figma-plugin/helpers/-/helpers-0.15.2.tgz#0941089e7451fd2764843d763042728579dd54bf"
  integrity sha512-ggFxoefZKc0D/HJXFHqliLWCLQG3QTbByHqgiSpTK0D76qTDv2fpcF9bytjSMVnc4flD7Rq17tLNP/WmaJt3dA==
  dependencies:
    lodash "^4.17.15"
    matrix-inverse "^1.0.1"

"@figma/plugin-typings@^1.23.0":
  version "1.23.0"
  resolved "https://registry.yarnpkg.com/@figma/plugin-typings/-/plugin-typings-1.23.0.tgz#e82774264d2f72604856562cd7b021bd32e60852"
  integrity sha512-hKSQSyE4Lwb9GI0sL92YX8QvBAwsCkKGSIxLkEn3CDLSTtOjtTs/GKsQ8zUAFtcrr0KQLEYW0rBkGU3UVpPq/Q==

lodash@^4.17.15:
  version "4.17.21"
  resolved "https://registry.yarnpkg.com/lodash/-/lodash-4.17.21.tgz#679591c564c3bffaae8454cf0b3df370c3d6911c"
  integrity sha512-v2kDEe57lecTulaDIuNTPy3Ry4gLGJ6Z1O3vE1krgXZNrsQ+LFTGHVxVjcXPs17LhbZVGedAJv8XZ1tvj5FvSg==

matrix-inverse@^1.0.1:
  version "1.0.1"
  resolved "https://registry.yarnpkg.com/matrix-inverse/-/matrix-inverse-1.0.1.tgz#efb05a29eb913a04fac396731dca683c46eca460"
  integrity sha512-ubaJ6vEJfpsRpOLYLJN3bCW3VbO2t0OtZIfausKiizsPNCvCXsWsLMR8jm4zmi8bSnodp3ht25iqdpSe0wIbxg==
